<?xml version="1.0" encoding="utf-8"?>
<Project ToolsVersion="4.0" xmlns="http://schemas.microsoft.com/developer/msbuild/2003">
  <ItemGroup>
    <Filter Include="Source Files">
      <UniqueIdentifier>{4FC737F1-C7A5-4376-A066-2A32D752A2FF}</UniqueIdentifier>
      <Extensions>cpp;c;cc;cxx;def;odl;idl;hpj;bat;asm;asmx</Extensions>
    </Filter>
    <Filter Include="Header Files">
      <UniqueIdentifier>{93995380-89BD-4b04-88EB-625FBE52EBFB}</UniqueIdentifier>
      <Extensions>h;hh;hpp;hxx;hm;inl;inc;ipp;xsd</Extensions>
    </Filter>
    <Filter Include="Resource Files">
      <UniqueIdentifier>{67DA6AB6-F800-4c08-8B7A-83BB121AAD01}</UniqueIdentifier>
      <Extensions>rc;ico;cur;bmp;dlg;rc2;rct;bin;rgs;gif;jpg;jpeg;jpe;resx;tiff;tif;png;wav;mfcribbon-ms</Extensions>
    </Filter>
  </ItemGroup>
  <ItemGroup>
    <ClCompile Include="Main.cpp">
      <Filter>Source Files</Filter>
    </ClCompile>
    <ClCompile Include="UserInterface.cpp">
      <Filter>Source Files</Filter>
    </ClCompile>
    <ClCompile Include="Button.cpp">
      <Filter>Source Files</Filter>
    </ClCompile>
    <ClCompile Include="EasyGraphics.cpp">
      <Filter>Source Files</Filter>
    </ClCompile>
    <ClCompile Include="Data.cpp">
      <Filter>Source Files</Filter>
    </ClCompile>
    <ClCompile Include="Shape.cpp">
      <Filter>Source Files</Filter>
    </ClCompile>
    <ClCompile Include="Square.cpp">
      <Filter>Source Files</Filter>
    </ClCompile>
    <ClCompile Include="Line.cpp">
      <Filter>Source Files</Filter>
    </ClCompile>
    <ClCompile Include="Circle.cpp">
      <Filter>Source Files</Filter>
    </ClCompile>
    <ClCompile Include="Tool.cpp">
      <Filter>Source Files</Filter>
    </ClCompile>
    <ClCompile Include="SquareTool.cpp">
      <Filter>Source Files</Filter>
    </ClCompile>
    <ClCompile Include="LineTool.cpp">
      <Filter>Source Files</Filter>
    </ClCompile>
    <ClCompile Include="CircleTool.cpp">
      <Filter>Source Files</Filter>
    </ClCompile>
    <ClCompile Include="RemoveTool.cpp">
      <Filter>Source Files</Filter>
    </ClCompile>
    <ClCompile Include="MoveTool.cpp">
      <Filter>Source Files</Filter>
    </ClCompile>
    <ClCompile Include="FillTool.cpp">
      <Filter>Source Files</Filter>
    </ClCompile>
    <ClCompile Include="RedFillTool.cpp">
      <Filter>Source Files</Filter>
    </ClCompile>
    <ClCompile Include="GreenFillTool.cpp">
      <Filter>Source Files</Filter>
    </ClCompile>
    <ClCompile Include="BlueFillTool.cpp">
      <Filter>Source Files</Filter>
    </ClCompile>
    <ClCompile Include="PenColourTool.cpp">
      <Filter>Source Files</Filter>
    </ClCompile>
    <ClCompile Include="RedPen.cpp">
      <Filter>Source Files</Filter>
    </ClCompile>
    <ClCompile Include="GreenPen.cpp">
      <Filter>Source Files</Filter>
    </ClCompile>
    <ClCompile Include="BluePen.cpp">
      <Filter>Source Files</Filter>
    </ClCompile>
    <ClCompile Include="Slider.cpp">
      <Filter>Source Files</Filter>
    </ClCompile>
    <ClCompile Include="SaveTool.cpp">
      <Filter>Source Files</Filter>
    </ClCompile>
    <ClCompile Include="LoadTool.cpp">
      <Filter>Source Files</Filter>
    </ClCompile>
    <ClCompile Include="ChangeColourTool.cpp">
      <Filter>Source Files</Filter>
    </ClCompile>
    <ClCompile Include="PenTool.cpp">
      <Filter>Source Files</Filter>
    </ClCompile>
    <ClCompile Include="Brush.cpp">
      <Filter>Source Files</Filter>
    </ClCompile>
  </ItemGroup>
  <ItemGroup>
    <ClInclude Include="UserInterface.h">
      <Filter>Header Files</Filter>
    </ClInclude>
    <ClInclude Include="Button.h">
      <Filter>Header Files</Filter>
    </ClInclude>
    <ClInclude Include="EasyGraphics.h">
      <Filter>Header Files</Filter>
    </ClInclude>
    <ClInclude Include="Data.h">
      <Filter>Header Files</Filter>
    </ClInclude>
    <ClInclude Include="Shape.h">
      <Filter>Header Files</Filter>
    </ClInclude>
    <ClInclude Include="Square.h">
      <Filter>Header Files</Filter>
    </ClInclude>
    <ClInclude Include="Line.h">
      <Filter>Header Files</Filter>
    </ClInclude>
    <ClInclude Include="Circle.h">
      <Filter>Header Files</Filter>
    </ClInclude>
    <ClInclude Include="Tool.h">
      <Filter>Header Files</Filter>
    </ClInclude>
    <ClInclude Include="SquareTool.h">
      <Filter>Header Files</Filter>
    </ClInclude>
    <ClInclude Include="LineTool.h">
      <Filter>Header Files</Filter>
    </ClInclude>
    <ClInclude Include="CircleTool.h">
      <Filter>Header Files</Filter>
    </ClInclude>
    <ClInclude Include="RemoveTool.h">
      <Filter>Header Files</Filter>
    </ClInclude>
    <ClInclude Include="MoveTool.h">
      <Filter>Header Files</Filter>
    </ClInclude>
    <ClInclude Include="FillTool.h">
      <Filter>Header Files</Filter>
    </ClInclude>
    <ClInclude Include="RedFillTool.h">
      <Filter>Header Files</Filter>
    </ClInclude>
    <ClInclude Include="GreenFillTool.h">
      <Filter>Header Files</Filter>
    </ClInclude>
    <ClInclude Include="BlueFillTool.h">
      <Filter>Header Files</Filter>
    </ClInclude>
    <ClInclude Include="PenColourTool.h">
      <Filter>Header Files</Filter>
    </ClInclude>
    <ClInclude Include="RedPen.h">
      <Filter>Header Files</Filter>
    </ClInclude>
    <ClInclude Include="GreenPen.h">
      <Filter>Header Files</Filter>
    </ClInclude>
    <ClInclude Include="BluePen.h">
      <Filter>Header Files</Filter>
    </ClInclude>
    <ClInclude Include="Slider.h">
      <Filter>Header Files</Filter>
    </ClInclude>
    <ClInclude Include="SaveTool.h">
      <Filter>Header Files</Filter>
    </ClInclude>
    <ClInclude Include="LoadTool.h">
      <Filter>Header Files</Filter>
    </ClInclude>
    <ClInclude Include="ChangeColourTool.h">
      <Filter>Header Files</Filter>
    </ClInclude>
    <ClInclude Include="PenTool.h">
      <Filter>Header Files</Filter>
    </ClInclude>
    <ClInclude Include="Brush.h">
      <Filter>Header Files</Filter>
    </ClInclude>
  </ItemGroup>
</Project>